// !$*UTF8*$!
{
	archiveVersion = 1;
	classes = {
	};
	objectVersion = 46;
	objects = {

/* Begin PBXBuildFile section */
		3F1871AF1CF58FF200CBCBAE /* main.m in Sources */ = {isa = PBXBuildFile; fileRef = 3F1871AE1CF58FF200CBCBAE /* main.m */; };
		3F1871B21CF58FF200CBCBAE /* AppDelegate.m in Sources */ = {isa = PBXBuildFile; fileRef = 3F1871B11CF58FF200CBCBAE /* AppDelegate.m */; };
		3F1871B51CF58FF200CBCBAE /* ViewController.m in Sources */ = {isa = PBXBuildFile; fileRef = 3F1871B41CF58FF200CBCBAE /* ViewController.m */; };
		3F1871B81CF58FF200CBCBAE /* Main.storyboard in Resources */ = {isa = PBXBuildFile; fileRef = 3F1871B61CF58FF200CBCBAE /* Main.storyboard */; };
		3F1871BA1CF58FF200CBCBAE /* Assets.xcassets in Resources */ = {isa = PBXBuildFile; fileRef = 3F1871B91CF58FF200CBCBAE /* Assets.xcassets */; };
		3F1871BD1CF58FF200CBCBAE /* LaunchScreen.storyboard in Resources */ = {isa = PBXBuildFile; fileRef = 3F1871BB1CF58FF200CBCBAE /* LaunchScreen.storyboard */; };
/* End PBXBuildFile section */

/* Begin PBXFileReference section */
		3F1871AA1CF58FF200CBCBAE /* yangzhenhuaTest.app */ = {isa = PBXFileReference; explicitFileType = wrapper.application; includeInIndex = 0; path = yangzhenhuaTest.app; sourceTree = BUILT_PRODUCTS_DIR; };
		3F1871AE1CF58FF200CBCBAE /* main.m */ = {isa = PBXFileReference; lastKnownFileType = sourcecode.c.objc; path = main.m; sourceTree = "<group>"; };
		3F1871B01CF58FF200CBCBAE /* AppDelegate.h */ = {isa = PBXFileReference; lastKnownFileType = sourcecode.c.h; path = AppDelegate.h; sourceTree = "<group>"; };
		3F1871B11CF58FF200CBCBAE /* AppDelegate.m */ = {isa = PBXFileReference; lastKnownFileType = sourcecode.c.objc; path = AppDelegate.m; sourceTree = "<group>"; };
		3F1871B31CF58FF200CBCBAE /* ViewController.h */ = {isa = PBXFileReference; lastKnownFileType = sourcecode.c.h; path = ViewController.h; sourceTree = "<group>"; };
		3F1871B41CF58FF200CBCBAE /* ViewController.m */ = {isa = PBXFileReference; lastKnownFileType = sourcecode.c.objc; path = ViewController.m; sourceTree = "<group>"; };
		3F1871B71CF58FF200CBCBAE /* Base */ = {isa = PBXFileReference; lastKnownFileType = file.storyboard; name = Base; path = Base.lproj/Main.storyboard; sourceTree = "<group>"; };
		3F1871B91CF58FF200CBCBAE /* Assets.xcassets */ = {isa = PBXFileReference; lastKnownFileType = folder.assetcatalog; path = Assets.xcassets; sourceTree = "<group>"; };
		3F1871BC1CF58FF200CBCBAE /* Base */ = {isa = PBXFileReference; lastKnownFileType = file.storyboard; name = Base; path = Base.lproj/LaunchScreen.storyboard; sourceTree = "<group>"; };
		3F1871BE1CF58FF200CBCBAE /* Info.plist */ = {isa = PBXFileReference; lastKnownFileType = text.plist.xml; path = Info.plist; sourceTree = "<group>"; };
/* End PBXFileReference section */

/* Begin PBXFrameworksBuildPhase section */
		3F1871A71CF58FF200CBCBAE /* Frameworks */ = {
			isa = PBXFrameworksBuildPhase;
			buildActionMask = 2147483647;
			files = (
			);
			runOnlyForDeploymentPostprocessing = 0;
		};
/* End PBXFrameworksBuildPhase section */

/* Begin PBXGroup section */
		3F1871A11CF58FF200CBCBAE = {
			isa = PBXGroup;
			children = (
				3F1871AC1CF58FF200CBCBAE /* yangzhenhuaTest */,
				3F1871AB1CF58FF200CBCBAE /* Products */,
			);
			sourceTree = "<group>";
		};
		3F1871AB1CF58FF200CBCBAE /* Products */ = {
			isa = PBXGroup;
			children = (
				3F1871AA1CF58FF200CBCBAE /* yangzhenhuaTest.app */,
			);
			name = Products;
			sourceTree = "<group>";
		};
		3F1871AC1CF58FF200CBCBAE /* yangzhenhuaTest */ = {
			isa = PBXGroup;
			children = (
				3F1871B01CF58FF200CBCBAE /* AppDelegate.h */,
				3F1871B11CF58FF200CBCBAE /* AppDelegate.m */,
				3F1871B31CF58FF200CBCBAE /* ViewController.h */,
				3F1871B41CF58FF200CBCBAE /* ViewController.m */,
				3F1871B61CF58FF200CBCBAE /* Main.storyboard */,
				3F1871B91CF58FF200CBCBAE /* Assets.xcassets */,
				3F1871BB1CF58FF200CBCBAE /* LaunchScreen.storyboard */,
				3F1871BE1CF58FF200CBCBAE /* Info.plist */,
				3F1871AD1CF58FF200CBCBAE /* Supporting Files */,
			);
			path = yangzhenhuaTest;
			sourceTree = "<group>";
		};
		3F1871AD1CF58FF200CBCBAE /* Supporting Files */ = {
			isa = PBXGroup;
			children = (
				3F1871AE1CF58FF200CBCBAE /* main.m */,
			);
			name = "Supporting Files";
			sourceTree = "<group>";
		};
/* End PBXGroup section */

/* Begin PBXNativeTarget section */
		3F1871A91CF58FF200CBCBAE /* yangzhenhuaTest */ = {
			isa = PBXNativeTarget;
			buildConfigurationList = 3F1871C11CF58FF200CBCBAE /* Build configuration list for PBXNativeTarget "yangzhenhuaTest" */;
			buildPhases = (
				3F1871A61CF58FF200CBCBAE /* Sources */,
				3F1871A71CF58FF200CBCBAE /* Frameworks */,
				3F1871A81CF58FF200CBCBAE /* Resources */,
			);
			buildRules = (
			);
			dependencies = (
			);
			name = yangzhenhuaTest;
			productName = yangzhenhuaTest;
			productReference = 3F1871AA1CF58FF200CBCBAE /* yangzhenhuaTest.app */;
			productType = "com.apple.product-type.application";
		};
/* End PBXNativeTarget section */

/* Begin PBXProject section */
		3F1871A21CF58FF200CBCBAE /* Project object */ = {
			isa = PBXProject;
			attributes = {
				LastUpgradeCheck = 0700;
				ORGANIZATIONNAME = yangzhenhua;
				TargetAttributes = {
					3F1871A91CF58FF200CBCBAE = {
						CreatedOnToolsVersion = 7.0.1;
					};
				};
			};
			buildConfigurationList = 3F1871A51CF58FF200CBCBAE /* Build configuration list for PBXProject "yangzhenhuaTest" */;
			compatibilityVersion = "Xcode 3.2";
			developmentRegion = English;
			hasScannedForEncodings = 0;
			knownRegions = (
				en,
				Base,
			);
			mainGroup = 3F1871A11CF58FF200CBCBAE;
			productRefGroup = 3F1871AB1CF58FF200CBCBAE /* Products */;
			projectDirPath = "";
			projectRoot = "";
			targets = (
				3F1871A91CF58FF200CBCBAE /* yangzhenhuaTest */,
			);
		};
/* End PBXProject section */

/* Begin PBXResourcesBuildPhase section */
		3F1871A81CF58FF200CBCBAE /* Resources */ = {
			isa = PBXResourcesBuildPhase;
			buildActionMask = 2147483647;
			files = (
				3F1871BD1CF58FF200CBCBAE /* LaunchScreen.storyboard in Resources */,
				3F1871BA1CF58FF200CBCBAE /* Assets.xcassets in Resources */,
				3F1871B81CF58FF200CBCBAE /* Main.storyboard in Resources */,
			);
			runOnlyForDeploymentPostprocessing = 0;
		};
/* End PBXResourcesBuildPhase section */

/* Begin PBXSourcesBuildPhase section */
		3F1871A61CF58FF200CBCBAE /* Sources */ = {
			isa = PBXSourcesBuildPhase;
			buildActionMask = 2147483647;
			files = (
				3F1871B51CF58FF200CBCBAE /* ViewController.m in Sources */,
				3F1871B21CF58FF200CBCBAE /* AppDelegate.m in Sources */,
				3F1871AF1CF58FF200CBCBAE /* main.m in Sources */,
			);
			runOnlyForDeploymentPostprocessing = 0;
		};
/* End PBXSourcesBuildPhase section */

/* Begin PBXVariantGroup section */
		3F1871B61CF58FF200CBCBAE /* Main.storyboard */ = {
			isa = PBXVariantGroup;
			children = (
				3F1871B71CF58FF200CBCBAE /* Base */,
			);
			name = Main.storyboard;
			sourceTree = "<group>";
		};
		3F1871BB1CF58FF200CBCBAE /* LaunchScreen.storyboard */ = {
			isa = PBXVariantGroup;
			children = (
				3F1871BC1CF58FF200CBCBAE /* Base */,
			);
			name = LaunchScreen.storyboard;
			sourceTree = "<group>";
		};
/* End PBXVariantGroup section */

/* Begin XCBuildConfiguration section */
		3F1871BF1CF58FF200CBCBAE /* Debug */ = {
			isa = XCBuildConfiguration;
			buildSettings = {
				ALWAYS_SEARCH_USER_PATHS = NO;
				CLANG_CXX_LANGUAGE_STANDARD = "gnu++0x";
				CLANG_CXX_LIBRARY = "libc++";
				CLANG_ENABLE_MODULES = YES;
				CLANG_ENABLE_OBJC_ARC = YES;
				CLANG_WARN_BOOL_CONVERSION = YES;
				CLANG_WARN_CONSTANT_CONVERSION = YES;
				CLANG_WARN_DIRECT_OBJC_ISA_USAGE = YES_ERROR;
				CLANG_WARN_EMPTY_BODY = YES;
				CLANG_WARN_ENUM_CONVERSION = YES;
				CLANG_WARN_INT_CONVERSION = YES;
				CLANG_WARN_OBJC_ROOT_CLASS = YES_ERROR;
				CLANG_WARN_UNREACHABLE_CODE = YES;
				CLANG_WARN__DUPLICATE_METHOD_MATCH = YES;
				"CODE_SIGN_IDENTITY[sdk=iphoneos*]" = "iPhone Developer";
				COPY_PHASE_STRIP = NO;
				DEBUG_INFORMATION_FORMAT = dwarf;
				ENABLE_STRICT_OBJC_MSGSEND = YES;
				ENABLE_TESTABILITY = YES;
				GCC_C_LANGUAGE_STANDARD = gnu99;
				GCC_DYNAMIC_NO_PIC = NO;
				GCC_NO_COMMON_BLOCKS = YES;
				GCC_OPTIMIZATION_LEVEL = 0;
				GCC_PREPROCESSOR_DEFINITIONS = (
					"DEBUG=1",
					"$(inherited)",
				);
				GCC_WARN_64_TO_32_BIT_CONVERSION = YES;
				GCC_WARN_ABOUT_RETURN_TYPE = YES_ERROR;
				GCC_WARN_UNDECLARED_SELECTOR = YES;
				GCC_WARN_UNINITIALIZED_AUTOS = YES_AGGRESSIVE;
				GCC_WARN_UNUSED_FUNCTION = YES;
				GCC_WARN_UNUSED_VARIABLE = YES;
				IPHONEOS_DEPLOYMENT_TARGET = 9.0;
				MTL_ENABLE_DEBUG_INFO = YES;
				ONLY_ACTIVE_ARCH = YES;
				SDKROOT = iphoneos;
				TARGETED_DEVICE_FAMILY = "1,2";
			};
			name = Debug;
		};
		3F1871C01CF58FF200CBCBAE /* Release */ = {
			isa = XCBuildConfiguration;
			buildSettings = {
				ALWAYS_SEARCH_USER_PATHS = NO;
				CLANG_CXX_LANGUAGE_STANDARD = "gnu++0x";
				CLANG_CXX_LIBRARY = "libc++";
				CLANG_ENABLE_MODULES = YES;
				CLANG_ENABLE_OBJC_ARC = YES;
				CLANG_WARN_BOOL_CONVERSION = YES;
				CLANG_WARN_CONSTANT_CONVERSION = YES;
				CLANG_WARN_DIRECT_OBJC_ISA_USAGE = YES_ERROR;
				CLANG_WARN_EMPTY_BODY = YES;
				CLANG_WARN_ENUM_CONVERSION = YES;
				CLANG_WARN_INT_CONVERSION = YES;
				CLANG_WARN_OBJC_ROOT_CLASS = YES_ERROR;
				CLANG_WARN_UNREACHABLE_CODE = YES;
				CLANG_WARN__DUPLICATE_METHOD_MATCH = YES;
				"CODE_SIGN_IDENTITY[sdk=iphoneos*]" = "iPhone Developer";
				COPY_PHASE_STRIP = NO;
				DEBUG_INFORMATION_FORMAT = "dwarf-with-dsym";
				ENABLE_NS_ASSERTIONS = NO;
				ENABLE_STRICT_OBJC_MSGSEND = YES;
				GCC_C_LANGUAGE_STANDARD = gnu99;
				GCC_NO_COMMON_BLOCKS = YES;
				GCC_WARN_64_TO_32_BIT_CONVERSION = YES;
				GCC_WARN_ABOUT_RETURN_TYPE = YES_ERROR;
				GCC_WARN_UNDECLARED_SELECTOR = YES;
				GCC_WARN_UNINITIALIZED_AUTOS = YES_AGGRESSIVE;
				GCC_WARN_UNUSED_FUNCTION = YES;
				GCC_WARN_UNUSED_VARIABLE = YES;
				IPHONEOS_DEPLOYMENT_TARGET = 9.0;
				MTL_ENABLE_DEBUG_INFO = NO;
				SDKROOT = iphoneos;
				TARGETED_DEVICE_FAMILY = "1,2";
				VALIDATE_PRODUCT = YES;
			};
			name = Release;
		};
		3F1871C21CF58FF200CBCBAE /* Debug */ = {
			isa = XCBuildConfiguration;
			buildSettings = {
				ASSETCATALOG_COMPILER_APPICON_NAME = AppIcon;
				INFOPLIST_FILE = yangzhenhuaTest/Info.plist;
				LD_RUNPATH_SEARCH_PATHS = "$(inherited) @executable_path/Frameworks";
				PRODUCT_BUNDLE_IDENTIFIER = lcom.lanou3g.yangzhenhuaTest;
				PRODUCT_NAME = "$(TARGET_NAME)";
			};
			name = Debug;
		};
		3F1871C31CF58FF200CBCBAE /* Release */ = {
			isa = XCBuildConfiguration;
			buildSettings = {
				ASSETCATALOG_COMPILER_APPICON_NAME = AppIcon;
				INFOPLIST_FILE = yangzhenhuaTest/Info.plist;
				LD_RUNPATH_SEARCH_PATHS = "$(inherited) @executable_path/Frameworks";
				PRODUCT_BUNDLE_IDENTIFIER = lcom.lanou3g.yangzhenhuaTest;
				PRODUCT_NAME = "$(TARGET_NAME)";
			};
			name = Release;
		};
/* End XCBuildConfiguration section */

/* Begin XCConfigurationList section */
		3F1871A51CF58FF200CBCBAE /* Build configuration list for PBXProject "yangzhenhuaTest" */ = {
			isa = XCConfigurationList;
			buildConfigurations = (
				3F1871BF1CF58FF200CBCBAE /* Debug */,
				3F1871C01CF58FF200CBCBAE /* Release */,
			);
			defaultConfigurationIsVisible = 0;
			defaultConfigurationName = Release;
		};
		3F1871C11CF58FF200CBCBAE /* Build configuration list for PBXNativeTarget "yangzhenhuaTest" */ = {
			isa = XCConfigurationList;
			buildConfigurations = (
				3F1871C21CF58FF200CBCBAE /* Debug */,
				3F1871C31CF58FF200CBCBAE /* Release */,
			);
			defaultConfigurationIsVisible = 0;
		};
/* End XCConfigurationList section */
	};
	rootObject = 3F1871A21CF58FF200CBCBAE /* Project object */;
}
